
Microsoft Visual Studio Solution File, Format Version 12.00
# Visual Studio Version 17
VisualStudioVersion = 17.3.32929.385
MinimumVisualStudioVersion = 10.0.40219.1
Project("{FAE04EC0-301F-11D3-BF4B-00C04F79EFBC}") = "diziler", "diziler\diziler.csproj", "{F3A9ECDD-3D73-459C-A94C-469CCA924F58}"
EndProject
Global
	GlobalSection(SolutionConfigurationPlatforms) = preSolution
		Debug|Any CPU = Debug|Any CPU
		Release|Any CPU = Release|Any CPU
	EndGlobalSection
	GlobalSection(ProjectConfigurationPlatforms) = postSolution
		{F3A9ECDD-3D73-459C-A94C-469CCA924F58}.Debug|Any CPU.ActiveCfg = Debug|Any CPU
		{F3A9ECDD-3D73-459C-A94C-469CCA924F58}.Debug|Any CPU.Build.0 = Debug|Any CPU
		{F3A9ECDD-3D73-459C-A94C-469CCA924F58}.Release|Any CPU.ActiveCfg = Release|Any CPU
		{F3A9ECDD-3D73-459C-A94C-469CCA924F58}.Release|Any CPU.Build.0 = Release|Any CPU
	EndGlobalSection
	GlobalSection(SolutionProperties) = preSolution
		HideSolutionNode = FALSE
	EndGlobalSection
	GlobalSection(ExtensibilityGlobals) = postSolution
		SolutionGuid = {EED2B6EF-C9E9-4476-9245-D07A022EDF60}
	EndGlobalSection
EndGlobal
